
Microsoft Visual Studio Solution File, Format Version 12.00
# Visual Studio Version 17
VisualStudioVersion = 17.11.35327.3
MinimumVisualStudioVersion = 10.0.40219.1
Project("{FAE04EC0-301F-11D3-BF4B-00C04F79EFBC}") = "DIP Coins Activity", "DIP Coins Activity.csproj", "{421D6451-BD88-4356-8FDC-2561E486126C}"
EndProject
Global
	GlobalSection(SolutionConfigurationPlatforms) = preSolution
		Debug|Any CPU = Debug|Any CPU
		Release|Any CPU = Release|Any CPU
	EndGlobalSection
	GlobalSection(ProjectConfigurationPlatforms) = postSolution
		{421D6451-BD88-4356-8FDC-2561E486126C}.Debug|Any CPU.ActiveCfg = Debug|Any CPU
		{421D6451-BD88-4356-8FDC-2561E486126C}.Debug|Any CPU.Build.0 = Debug|Any CPU
		{421D6451-BD88-4356-8FDC-2561E486126C}.Release|Any CPU.ActiveCfg = Release|Any CPU
		{421D6451-BD88-4356-8FDC-2561E486126C}.Release|Any CPU.Build.0 = Release|Any CPU
	EndGlobalSection
	GlobalSection(SolutionProperties) = preSolution
		HideSolutionNode = FALSE
	EndGlobalSection
	GlobalSection(ExtensibilityGlobals) = postSolution
		SolutionGuid = {7DC3C940-7FE7-4334-B286-BA0FF65F3AFA}
	EndGlobalSection
EndGlobal
